
Microsoft Visual Studio Solution File, Format Version 12.00
# Visual Studio Version 17
VisualStudioVersion = 17.6.33829.357
MinimumVisualStudioVersion = 10.0.40219.1
Project("{FAE04EC0-301F-11D3-BF4B-00C04F79EFBC}") = "CMS.Api", "CMS.Api\CMS.Api.csproj", "{4FCCCCDB-3D53-4F4C-9AB6-93A4D948B2A2}"
EndProject
Project("{FAE04EC0-301F-11D3-BF4B-00C04F79EFBC}") = "CMS.BusinessLogic", "CMS.BusinessLogic\CMS.BusinessLogic.csproj", "{FD2341D2-5019-414F-AE1D-7A6874026FB4}"
EndProject
Project("{FAE04EC0-301F-11D3-BF4B-00C04F79EFBC}") = "CMS.DataAccess", "CMS.DataAccess\CMS.DataAccess.csproj", "{CFD2A175-84FC-43FB-83AA-669C45E90980}"
EndProject
Project("{FAE04EC0-301F-11D3-BF4B-00C04F79EFBC}") = "CMS.Domain", "CMS.Domain\CMS.Domain.csproj", "{1489D271-D659-4481-90B6-2E9F38ABBE16}"
EndProject
Global
	GlobalSection(SolutionConfigurationPlatforms) = preSolution
		Debug|Any CPU = Debug|Any CPU
		Release|Any CPU = Release|Any CPU
	EndGlobalSection
	GlobalSection(ProjectConfigurationPlatforms) = postSolution
		{4FCCCCDB-3D53-4F4C-9AB6-93A4D948B2A2}.Debug|Any CPU.ActiveCfg = Debug|Any CPU
		{4FCCCCDB-3D53-4F4C-9AB6-93A4D948B2A2}.Debug|Any CPU.Build.0 = Debug|Any CPU
		{4FCCCCDB-3D53-4F4C-9AB6-93A4D948B2A2}.Release|Any CPU.ActiveCfg = Release|Any CPU
		{4FCCCCDB-3D53-4F4C-9AB6-93A4D948B2A2}.Release|Any CPU.Build.0 = Release|Any CPU
		{FD2341D2-5019-414F-AE1D-7A6874026FB4}.Debug|Any CPU.ActiveCfg = Debug|Any CPU
		{FD2341D2-5019-414F-AE1D-7A6874026FB4}.Debug|Any CPU.Build.0 = Debug|Any CPU
		{FD2341D2-5019-414F-AE1D-7A6874026FB4}.Release|Any CPU.ActiveCfg = Release|Any CPU
		{FD2341D2-5019-414F-AE1D-7A6874026FB4}.Release|Any CPU.Build.0 = Release|Any CPU
		{CFD2A175-84FC-43FB-83AA-669C45E90980}.Debug|Any CPU.ActiveCfg = Debug|Any CPU
		{CFD2A175-84FC-43FB-83AA-669C45E90980}.Debug|Any CPU.Build.0 = Debug|Any CPU
		{CFD2A175-84FC-43FB-83AA-669C45E90980}.Release|Any CPU.ActiveCfg = Release|Any CPU
		{CFD2A175-84FC-43FB-83AA-669C45E90980}.Release|Any CPU.Build.0 = Release|Any CPU
		{1489D271-D659-4481-90B6-2E9F38ABBE16}.Debug|Any CPU.ActiveCfg = Debug|Any CPU
		{1489D271-D659-4481-90B6-2E9F38ABBE16}.Debug|Any CPU.Build.0 = Debug|Any CPU
		{1489D271-D659-4481-90B6-2E9F38ABBE16}.Release|Any CPU.ActiveCfg = Release|Any CPU
		{1489D271-D659-4481-90B6-2E9F38ABBE16}.Release|Any CPU.Build.0 = Release|Any CPU
	EndGlobalSection
	GlobalSection(SolutionProperties) = preSolution
		HideSolutionNode = FALSE
	EndGlobalSection
	GlobalSection(ExtensibilityGlobals) = postSolution
		SolutionGuid = {D16E7C34-81A3-4600-AC0B-B01CFFA006C6}
	EndGlobalSection
EndGlobal
